
Microsoft Visual Studio Solution File, Format Version 12.00
Project("{FAE04EC0-301F-11D3-BF4B-00C04F79EFBC}") = "Doggo.Api", "Doggo.Api\Doggo.Api.csproj", "{EFA42739-102F-4288-8821-9EA068FEBE70}"
EndProject
Project("{FAE04EC0-301F-11D3-BF4B-00C04F79EFBC}") = "Doggo.Infrastructure", "Doggo.Infrastructure\Doggo.Infrastructure.csproj", "{22AD5EBE-9730-4A5E-9CBF-47162C2A220F}"
EndProject
Project("{FAE04EC0-301F-11D3-BF4B-00C04F79EFBC}") = "Doggo.Domain", "Doggo.Domain\Doggo.Domain.csproj", "{4B7295FE-734B-4FD9-9B5B-457DEDE2BF5D}"
EndProject
Global
	GlobalSection(SolutionConfigurationPlatforms) = preSolution
		Debug|Any CPU = Debug|Any CPU
		Release|Any CPU = Release|Any CPU
	EndGlobalSection
	GlobalSection(ProjectConfigurationPlatforms) = postSolution
		{EFA42739-102F-4288-8821-9EA068FEBE70}.Debug|Any CPU.ActiveCfg = Debug|Any CPU
		{EFA42739-102F-4288-8821-9EA068FEBE70}.Debug|Any CPU.Build.0 = Debug|Any CPU
		{EFA42739-102F-4288-8821-9EA068FEBE70}.Release|Any CPU.ActiveCfg = Release|Any CPU
		{EFA42739-102F-4288-8821-9EA068FEBE70}.Release|Any CPU.Build.0 = Release|Any CPU
		{22AD5EBE-9730-4A5E-9CBF-47162C2A220F}.Debug|Any CPU.ActiveCfg = Debug|Any CPU
		{22AD5EBE-9730-4A5E-9CBF-47162C2A220F}.Debug|Any CPU.Build.0 = Debug|Any CPU
		{22AD5EBE-9730-4A5E-9CBF-47162C2A220F}.Release|Any CPU.ActiveCfg = Release|Any CPU
		{22AD5EBE-9730-4A5E-9CBF-47162C2A220F}.Release|Any CPU.Build.0 = Release|Any CPU
		{4B7295FE-734B-4FD9-9B5B-457DEDE2BF5D}.Debug|Any CPU.ActiveCfg = Debug|Any CPU
		{4B7295FE-734B-4FD9-9B5B-457DEDE2BF5D}.Debug|Any CPU.Build.0 = Debug|Any CPU
		{4B7295FE-734B-4FD9-9B5B-457DEDE2BF5D}.Release|Any CPU.ActiveCfg = Release|Any CPU
		{4B7295FE-734B-4FD9-9B5B-457DEDE2BF5D}.Release|Any CPU.Build.0 = Release|Any CPU
	EndGlobalSection
EndGlobal
