
Microsoft Visual Studio Solution File, Format Version 12.00
Project("{FAE04EC0-301F-11D3-BF4B-00C04F79EFBC}") = "Doggo.Web", "Doggo.Web\Doggo.Web.csproj", "{EFA42739-102F-4288-8821-9EA068FEBE70}"
EndProject
Project("{FAE04EC0-301F-11D3-BF4B-00C04F79EFBC}") = "Doggo.Infrastructure", "Doggo.Infrastructure\Doggo.Infrastructure.csproj", "{22AD5EBE-9730-4A5E-9CBF-47162C2A220F}"
EndProject
Project("{FAE04EC0-301F-11D3-BF4B-00C04F79EFBC}") = "Doggo.Domain", "Doggo.Domain\Doggo.Domain.csproj", "{4B7295FE-734B-4FD9-9B5B-457DEDE2BF5D}"
EndProject
Project("{FAE04EC0-301F-11D3-BF4B-00C04F79EFBC}") = "Doggo.Application", "Doggo.Application\Doggo.Application.csproj", "{6013609A-578B-40AE-B773-17748641C7F7}"
EndProject
Project("{FAE04EC0-301F-11D3-BF4B-00C04F79EFBC}") = "Doggo.Presentation", "Doggo.Presentation\Doggo.Presentation.csproj", "{22F23BCC-2729-4E96-B59F-0E0CFB09AA2B}"
EndProject
Project("{2150E333-8FDC-42A3-9474-1A3956D46DE8}") = "src", "src", "{2681F5C2-F9E8-4E3E-9743-198AB49D031F}"
EndProject
Project("{2150E333-8FDC-42A3-9474-1A3956D46DE8}") = "tests", "tests", "{C1B8AAB7-A141-4458-878E-F8A686973FCE}"
EndProject
Project("{2150E333-8FDC-42A3-9474-1A3956D46DE8}") = "UnitTests", "UnitTests", "{0AE1A573-C377-4BD9-9C16-F1A9768BB184}"
EndProject
Project("{FAE04EC0-301F-11D3-BF4B-00C04F79EFBC}") = "Doggo.Application.UnitTests", "Tests\Doggo.Application.UnitTests\Doggo.Application.UnitTests.csproj", "{6812EDBE-D692-4A00-9E1E-4792EE8588AB}"
EndProject
Project("{2150E333-8FDC-42A3-9474-1A3956D46DE8}") = "Img", "Img", "{366BF945-22EA-42D2-893D-3C59B82B8BA4}"
	ProjectSection(SolutionItems) = preProject
		..\..\Desktop\DB Diagram.png = ..\..\Desktop\DB Diagram.png
	EndProjectSection
EndProject
Global
	GlobalSection(SolutionConfigurationPlatforms) = preSolution
		Debug|Any CPU = Debug|Any CPU
		Release|Any CPU = Release|Any CPU
	EndGlobalSection
	GlobalSection(ProjectConfigurationPlatforms) = postSolution
		{EFA42739-102F-4288-8821-9EA068FEBE70}.Debug|Any CPU.ActiveCfg = Debug|Any CPU
		{EFA42739-102F-4288-8821-9EA068FEBE70}.Debug|Any CPU.Build.0 = Debug|Any CPU
		{EFA42739-102F-4288-8821-9EA068FEBE70}.Release|Any CPU.ActiveCfg = Release|Any CPU
		{EFA42739-102F-4288-8821-9EA068FEBE70}.Release|Any CPU.Build.0 = Release|Any CPU
		{22AD5EBE-9730-4A5E-9CBF-47162C2A220F}.Debug|Any CPU.ActiveCfg = Debug|Any CPU
		{22AD5EBE-9730-4A5E-9CBF-47162C2A220F}.Debug|Any CPU.Build.0 = Debug|Any CPU
		{22AD5EBE-9730-4A5E-9CBF-47162C2A220F}.Release|Any CPU.ActiveCfg = Release|Any CPU
		{22AD5EBE-9730-4A5E-9CBF-47162C2A220F}.Release|Any CPU.Build.0 = Release|Any CPU
		{4B7295FE-734B-4FD9-9B5B-457DEDE2BF5D}.Debug|Any CPU.ActiveCfg = Debug|Any CPU
		{4B7295FE-734B-4FD9-9B5B-457DEDE2BF5D}.Debug|Any CPU.Build.0 = Debug|Any CPU
		{4B7295FE-734B-4FD9-9B5B-457DEDE2BF5D}.Release|Any CPU.ActiveCfg = Release|Any CPU
		{4B7295FE-734B-4FD9-9B5B-457DEDE2BF5D}.Release|Any CPU.Build.0 = Release|Any CPU
		{6013609A-578B-40AE-B773-17748641C7F7}.Debug|Any CPU.ActiveCfg = Debug|Any CPU
		{6013609A-578B-40AE-B773-17748641C7F7}.Debug|Any CPU.Build.0 = Debug|Any CPU
		{6013609A-578B-40AE-B773-17748641C7F7}.Release|Any CPU.ActiveCfg = Release|Any CPU
		{6013609A-578B-40AE-B773-17748641C7F7}.Release|Any CPU.Build.0 = Release|Any CPU
		{22F23BCC-2729-4E96-B59F-0E0CFB09AA2B}.Debug|Any CPU.ActiveCfg = Debug|Any CPU
		{22F23BCC-2729-4E96-B59F-0E0CFB09AA2B}.Debug|Any CPU.Build.0 = Debug|Any CPU
		{22F23BCC-2729-4E96-B59F-0E0CFB09AA2B}.Release|Any CPU.ActiveCfg = Release|Any CPU
		{22F23BCC-2729-4E96-B59F-0E0CFB09AA2B}.Release|Any CPU.Build.0 = Release|Any CPU
		{6812EDBE-D692-4A00-9E1E-4792EE8588AB}.Debug|Any CPU.ActiveCfg = Debug|Any CPU
		{6812EDBE-D692-4A00-9E1E-4792EE8588AB}.Debug|Any CPU.Build.0 = Debug|Any CPU
		{6812EDBE-D692-4A00-9E1E-4792EE8588AB}.Release|Any CPU.ActiveCfg = Release|Any CPU
		{6812EDBE-D692-4A00-9E1E-4792EE8588AB}.Release|Any CPU.Build.0 = Release|Any CPU
	EndGlobalSection
	GlobalSection(NestedProjects) = preSolution
		{6013609A-578B-40AE-B773-17748641C7F7} = {2681F5C2-F9E8-4E3E-9743-198AB49D031F}
		{4B7295FE-734B-4FD9-9B5B-457DEDE2BF5D} = {2681F5C2-F9E8-4E3E-9743-198AB49D031F}
		{22AD5EBE-9730-4A5E-9CBF-47162C2A220F} = {2681F5C2-F9E8-4E3E-9743-198AB49D031F}
		{22F23BCC-2729-4E96-B59F-0E0CFB09AA2B} = {2681F5C2-F9E8-4E3E-9743-198AB49D031F}
		{EFA42739-102F-4288-8821-9EA068FEBE70} = {2681F5C2-F9E8-4E3E-9743-198AB49D031F}
		{0AE1A573-C377-4BD9-9C16-F1A9768BB184} = {C1B8AAB7-A141-4458-878E-F8A686973FCE}
		{6812EDBE-D692-4A00-9E1E-4792EE8588AB} = {0AE1A573-C377-4BD9-9C16-F1A9768BB184}
	EndGlobalSection
EndGlobal
